// !$*UTF8*$!
{
	archiveVersion = 1;
	classes = {
	};
	objectVersion = 77;
	objects = {

/* Begin PBXBuildFile section */
		094163C9DEF51C3EE39D9614 /* ClaudeAPIService.swift in Sources */ = {isa = PBXBuildFile; fileRef = A0EF3318085666DEC44477C3 /* ClaudeAPIService.swift */; };
		16FCD4175557A3FA0112085B /* UserProfile.swift in Sources */ = {isa = PBXBuildFile; fileRef = 9D9AEF1F00E6ACCA4EDBAD2B /* UserProfile.swift */; };
		1B9A22903E537DBBF96DCFE9 /* RecordsView.swift in Sources */ = {isa = PBXBuildFile; fileRef = 91365E96256337D2E97E8863 /* RecordsView.swift */; };
		20D3C2873C603E787E8F4B8A /* SquatCounter.swift in Sources */ = {isa = PBXBuildFile; fileRef = 8AABB2EE6E0D3FF9420DBD32 /* SquatCounter.swift */; };
		27DAFE208404F65266CCB764 /* Secrets.swift in Sources */ = {isa = PBXBuildFile; fileRef = EA6926B00BCAFB4148B2CE7F /* Secrets.swift */; };
		28BEC92F8D3C38F69BF8FCB4 /* OnboardingView.swift in Sources */ = {isa = PBXBuildFile; fileRef = 9EEF557BD61F940108232A66 /* OnboardingView.swift */; };
		320295EE2CEBDD3313B19239 /* TrackingView.swift in Sources */ = {isa = PBXBuildFile; fileRef = 63EF72D733CC4E5FA9705120 /* TrackingView.swift */; };
		3456C1E6B1FACFC4828904F6 /* CameraPreviewView.swift in Sources */ = {isa = PBXBuildFile; fileRef = 7265E97D9767068D4780D4A1 /* CameraPreviewView.swift */; };
		42706E3EA4FD131DFF90A0B5 /* SwiftUI.framework in Frameworks */ = {isa = PBXBuildFile; fileRef = 9FEB08F60AF059876333C077 /* SwiftUI.framework */; };
		452BA3B22960942A08B1C71F /* ExercisePickerView.swift in Sources */ = {isa = PBXBuildFile; fileRef = 0AE0CBECA32BA59FFC2EDCB9 /* ExercisePickerView.swift */; };
		62E6A2F7189D49E9C730510F /* ContentView.swift in Sources */ = {isa = PBXBuildFile; fileRef = D4B469CE7D4368EF6D89E602 /* ContentView.swift */; };
		6FD68579976E3FDF0FE0CC93 /* HandDetectionService.swift in Sources */ = {isa = PBXBuildFile; fileRef = AA180531E041D0064A4E1BD6 /* HandDetectionService.swift */; };
		7BCFF0611D7245687E155CB3 /* CoachingFeedback.swift in Sources */ = {isa = PBXBuildFile; fileRef = 546B0402F236C3DBE3C24E27 /* CoachingFeedback.swift */; };
		7D5D3538BE4DC07BF4502F22 /* MofitApp.swift in Sources */ = {isa = PBXBuildFile; fileRef = 214EA30ADD81F450DEA7E3C9 /* MofitApp.swift */; };
		7F5E60F9E1F04E158EA97BF3 /* ProfileEditView.swift in Sources */ = {isa = PBXBuildFile; fileRef = 1158905F483172755B0524FC /* ProfileEditView.swift */; };
		88FD2E48998C96BB14108A63 /* CameraManager.swift in Sources */ = {isa = PBXBuildFile; fileRef = 4535905A61EC5F7A0653DBFB /* CameraManager.swift */; };
		8B684CD65145369C7C2FFCB8 /* CoachingViewModel.swift in Sources */ = {isa = PBXBuildFile; fileRef = 8B4FC2D59300586B765871D4 /* CoachingViewModel.swift */; };
		96EFA1EBD9682AADCD21DD5D /* WorkoutSession.swift in Sources */ = {isa = PBXBuildFile; fileRef = 53C63EA4E638B27B2DADD3EA /* WorkoutSession.swift */; };
		9C994E3281C4CB9F30838AA7 /* CoachingView.swift in Sources */ = {isa = PBXBuildFile; fileRef = F6404E727F43F13BC9E2BA38 /* CoachingView.swift */; };
		C1B84A4F28079F66C472B3E3 /* PoseDetectionService.swift in Sources */ = {isa = PBXBuildFile; fileRef = 9B473B4153DEB5184CD1DF3B /* PoseDetectionService.swift */; };
		CE3869E8362AB00FBC1D12D7 /* SwiftData.framework in Frameworks */ = {isa = PBXBuildFile; fileRef = 01CAF0F33617545D6CFC1B30 /* SwiftData.framework */; };
		DD38B3EBA35F9251B888AF89 /* TrackingViewModel.swift in Sources */ = {isa = PBXBuildFile; fileRef = A853CA7EFE44584A6601A1BA /* TrackingViewModel.swift */; };
		DEAF30B7E4070A8E3EC79D3B /* Theme.swift in Sources */ = {isa = PBXBuildFile; fileRef = 692ADE0BD55D8B60B1BA9595 /* Theme.swift */; };
		E1F4BBE70C968CD633DAF968 /* AVFoundation.framework in Frameworks */ = {isa = PBXBuildFile; fileRef = AFD763970F385A2ACEF4378B /* AVFoundation.framework */; };
		EBD474B9931DADC6EF009DA5 /* Vision.framework in Frameworks */ = {isa = PBXBuildFile; fileRef = FD6BDED53C67924AFC395DBF /* Vision.framework */; };
		EFA5A622083309D15229B947 /* HomeView.swift in Sources */ = {isa = PBXBuildFile; fileRef = 7FD0106B1C899177F7A304F5 /* HomeView.swift */; };
		BBBB0001BBBB0001BBBB0001 /* ExerciseCounter.swift in Sources */ = {isa = PBXBuildFile; fileRef = AAAA0001AAAA0001AAAA0001 /* ExerciseCounter.swift */; };
		BBBB0002BBBB0002BBBB0002 /* PushUpCounter.swift in Sources */ = {isa = PBXBuildFile; fileRef = AAAA0002AAAA0002AAAA0002 /* PushUpCounter.swift */; };
		BBBB0003BBBB0003BBBB0003 /* SitUpCounter.swift in Sources */ = {isa = PBXBuildFile; fileRef = AAAA0003AAAA0003AAAA0003 /* SitUpCounter.swift */; };
/* End PBXBuildFile section */

/* Begin PBXFileReference section */
		01CAF0F33617545D6CFC1B30 /* SwiftData.framework */ = {isa = PBXFileReference; lastKnownFileType = wrapper.framework; name = SwiftData.framework; path = System/Library/Frameworks/SwiftData.framework; sourceTree = SDKROOT; };
		0AE0CBECA32BA59FFC2EDCB9 /* ExercisePickerView.swift */ = {isa = PBXFileReference; lastKnownFileType = sourcecode.swift; path = ExercisePickerView.swift; sourceTree = "<group>"; };
		1158905F483172755B0524FC /* ProfileEditView.swift */ = {isa = PBXFileReference; lastKnownFileType = sourcecode.swift; path = ProfileEditView.swift; sourceTree = "<group>"; };
		214EA30ADD81F450DEA7E3C9 /* MofitApp.swift */ = {isa = PBXFileReference; lastKnownFileType = sourcecode.swift; path = MofitApp.swift; sourceTree = "<group>"; };
		4535905A61EC5F7A0653DBFB /* CameraManager.swift */ = {isa = PBXFileReference; lastKnownFileType = sourcecode.swift; path = CameraManager.swift; sourceTree = "<group>"; };
		53C63EA4E638B27B2DADD3EA /* WorkoutSession.swift */ = {isa = PBXFileReference; lastKnownFileType = sourcecode.swift; path = WorkoutSession.swift; sourceTree = "<group>"; };
		546B0402F236C3DBE3C24E27 /* CoachingFeedback.swift */ = {isa = PBXFileReference; lastKnownFileType = sourcecode.swift; path = CoachingFeedback.swift; sourceTree = "<group>"; };
		63EF72D733CC4E5FA9705120 /* TrackingView.swift */ = {isa = PBXFileReference; lastKnownFileType = sourcecode.swift; path = TrackingView.swift; sourceTree = "<group>"; };
		692ADE0BD55D8B60B1BA9595 /* Theme.swift */ = {isa = PBXFileReference; lastKnownFileType = sourcecode.swift; path = Theme.swift; sourceTree = "<group>"; };
		7265E97D9767068D4780D4A1 /* CameraPreviewView.swift */ = {isa = PBXFileReference; lastKnownFileType = sourcecode.swift; path = CameraPreviewView.swift; sourceTree = "<group>"; };
		7FD0106B1C899177F7A304F5 /* HomeView.swift */ = {isa = PBXFileReference; lastKnownFileType = sourcecode.swift; path = HomeView.swift; sourceTree = "<group>"; };
		8AABB2EE6E0D3FF9420DBD32 /* SquatCounter.swift */ = {isa = PBXFileReference; lastKnownFileType = sourcecode.swift; path = SquatCounter.swift; sourceTree = "<group>"; };
		8B4FC2D59300586B765871D4 /* CoachingViewModel.swift */ = {isa = PBXFileReference; lastKnownFileType = sourcecode.swift; path = CoachingViewModel.swift; sourceTree = "<group>"; };
		91365E96256337D2E97E8863 /* RecordsView.swift */ = {isa = PBXFileReference; lastKnownFileType = sourcecode.swift; path = RecordsView.swift; sourceTree = "<group>"; };
		9B473B4153DEB5184CD1DF3B /* PoseDetectionService.swift */ = {isa = PBXFileReference; lastKnownFileType = sourcecode.swift; path = PoseDetectionService.swift; sourceTree = "<group>"; };
		9D9AEF1F00E6ACCA4EDBAD2B /* UserProfile.swift */ = {isa = PBXFileReference; lastKnownFileType = sourcecode.swift; path = UserProfile.swift; sourceTree = "<group>"; };
		9EEF557BD61F940108232A66 /* OnboardingView.swift */ = {isa = PBXFileReference; lastKnownFileType = sourcecode.swift; path = OnboardingView.swift; sourceTree = "<group>"; };
		9FEB08F60AF059876333C077 /* SwiftUI.framework */ = {isa = PBXFileReference; lastKnownFileType = wrapper.framework; name = SwiftUI.framework; path = System/Library/Frameworks/SwiftUI.framework; sourceTree = SDKROOT; };
		A0EF3318085666DEC44477C3 /* ClaudeAPIService.swift */ = {isa = PBXFileReference; lastKnownFileType = sourcecode.swift; path = ClaudeAPIService.swift; sourceTree = "<group>"; };
		A853CA7EFE44584A6601A1BA /* TrackingViewModel.swift */ = {isa = PBXFileReference; lastKnownFileType = sourcecode.swift; path = TrackingViewModel.swift; sourceTree = "<group>"; };
		AA180531E041D0064A4E1BD6 /* HandDetectionService.swift */ = {isa = PBXFileReference; lastKnownFileType = sourcecode.swift; path = HandDetectionService.swift; sourceTree = "<group>"; };
		AAF026B1546FA243B6007EB4 /* Mofit.app */ = {isa = PBXFileReference; includeInIndex = 0; lastKnownFileType = wrapper.application; path = Mofit.app; sourceTree = BUILT_PRODUCTS_DIR; };
		AFD763970F385A2ACEF4378B /* AVFoundation.framework */ = {isa = PBXFileReference; lastKnownFileType = wrapper.framework; name = AVFoundation.framework; path = System/Library/Frameworks/AVFoundation.framework; sourceTree = SDKROOT; };
		D4B469CE7D4368EF6D89E602 /* ContentView.swift */ = {isa = PBXFileReference; lastKnownFileType = sourcecode.swift; path = ContentView.swift; sourceTree = "<group>"; };
		EA6926B00BCAFB4148B2CE7F /* Secrets.swift */ = {isa = PBXFileReference; lastKnownFileType = sourcecode.swift; path = Secrets.swift; sourceTree = "<group>"; };
		F6404E727F43F13BC9E2BA38 /* CoachingView.swift */ = {isa = PBXFileReference; lastKnownFileType = sourcecode.swift; path = CoachingView.swift; sourceTree = "<group>"; };
		FD6BDED53C67924AFC395DBF /* Vision.framework */ = {isa = PBXFileReference; lastKnownFileType = wrapper.framework; name = Vision.framework; path = System/Library/Frameworks/Vision.framework; sourceTree = SDKROOT; };
		AAAA0001AAAA0001AAAA0001 /* ExerciseCounter.swift */ = {isa = PBXFileReference; lastKnownFileType = sourcecode.swift; path = ExerciseCounter.swift; sourceTree = "<group>"; };
		AAAA0002AAAA0002AAAA0002 /* PushUpCounter.swift */ = {isa = PBXFileReference; lastKnownFileType = sourcecode.swift; path = PushUpCounter.swift; sourceTree = "<group>"; };
		AAAA0003AAAA0003AAAA0003 /* SitUpCounter.swift */ = {isa = PBXFileReference; lastKnownFileType = sourcecode.swift; path = SitUpCounter.swift; sourceTree = "<group>"; };
/* End PBXFileReference section */

/* Begin PBXFrameworksBuildPhase section */
		3DB5F598EF79AA40F66941C3 /* Frameworks */ = {
			isa = PBXFrameworksBuildPhase;
			buildActionMask = 2147483647;
			files = (
				42706E3EA4FD131DFF90A0B5 /* SwiftUI.framework in Frameworks */,
				CE3869E8362AB00FBC1D12D7 /* SwiftData.framework in Frameworks */,
				E1F4BBE70C968CD633DAF968 /* AVFoundation.framework in Frameworks */,
				EBD474B9931DADC6EF009DA5 /* Vision.framework in Frameworks */,
			);
			runOnlyForDeploymentPostprocessing = 0;
		};
/* End PBXFrameworksBuildPhase section */

/* Begin PBXGroup section */
		010035ED61AD343EF4B7DE08 /* Utils */ = {
			isa = PBXGroup;
			children = (
				692ADE0BD55D8B60B1BA9595 /* Theme.swift */,
			);
			path = Utils;
			sourceTree = "<group>";
		};
		1CCF6FF1A067AD9A881836DB /* Coaching */ = {
			isa = PBXGroup;
			children = (
				F6404E727F43F13BC9E2BA38 /* CoachingView.swift */,
			);
			path = Coaching;
			sourceTree = "<group>";
		};
		351FD4F0100707CD3D6F0E15 /* Views */ = {
			isa = PBXGroup;
			children = (
				1CCF6FF1A067AD9A881836DB /* Coaching */,
				E1EA61E0890C370F0D3F0308 /* Home */,
				470960906A4F7A7B2176FFD9 /* Onboarding */,
				90121867D476BD98D5853FC5 /* Profile */,
				5DA273E99E19FBC15D74DD5B /* Records */,
				D722113FF9C985FBF303C101 /* Tracking */,
			);
			path = Views;
			sourceTree = "<group>";
		};
		3521CE0928B3E8CB2B55A751 /* Services */ = {
			isa = PBXGroup;
			children = (
				A0EF3318085666DEC44477C3 /* ClaudeAPIService.swift */,
				AA180531E041D0064A4E1BD6 /* HandDetectionService.swift */,
				9B473B4153DEB5184CD1DF3B /* PoseDetectionService.swift */,
				8AABB2EE6E0D3FF9420DBD32 /* SquatCounter.swift */,
				AAAA0003AAAA0003AAAA0003 /* SitUpCounter.swift */,
				AAAA0002AAAA0002AAAA0002 /* PushUpCounter.swift */,
				AAAA0001AAAA0001AAAA0001 /* ExerciseCounter.swift */,
			);
			path = Services;
			sourceTree = "<group>";
		};
		470960906A4F7A7B2176FFD9 /* Onboarding */ = {
			isa = PBXGroup;
			children = (
				9EEF557BD61F940108232A66 /* OnboardingView.swift */,
			);
			path = Onboarding;
			sourceTree = "<group>";
		};
		4F1209792DEF530D5589AEB1 /* Products */ = {
			isa = PBXGroup;
			children = (
				AAF026B1546FA243B6007EB4 /* Mofit.app */,
			);
			name = Products;
			sourceTree = "<group>";
		};
		5DA273E99E19FBC15D74DD5B /* Records */ = {
			isa = PBXGroup;
			children = (
				91365E96256337D2E97E8863 /* RecordsView.swift */,
			);
			path = Records;
			sourceTree = "<group>";
		};
		6BB4CC37EA51BEEE96594A03 /* Config */ = {
			isa = PBXGroup;
			children = (
				EA6926B00BCAFB4148B2CE7F /* Secrets.swift */,
			);
			path = Config;
			sourceTree = "<group>";
		};
		7D8BCFF0B990F7BA9111D060 = {
			isa = PBXGroup;
			children = (
				B49858869120FF23A1FF6B5B /* Mofit */,
				C4CCD02BEB013A28BB9711BD /* Frameworks */,
				4F1209792DEF530D5589AEB1 /* Products */,
			);
			sourceTree = "<group>";
		};
		90121867D476BD98D5853FC5 /* Profile */ = {
			isa = PBXGroup;
			children = (
				1158905F483172755B0524FC /* ProfileEditView.swift */,
			);
			path = Profile;
			sourceTree = "<group>";
		};
		905AF7D56D47E9F468091407 /* ViewModels */ = {
			isa = PBXGroup;
			children = (
				8B4FC2D59300586B765871D4 /* CoachingViewModel.swift */,
				A853CA7EFE44584A6601A1BA /* TrackingViewModel.swift */,
			);
			path = ViewModels;
			sourceTree = "<group>";
		};
		A8C98A8954DFC2D3AC1D95BD /* Camera */ = {
			isa = PBXGroup;
			children = (
				4535905A61EC5F7A0653DBFB /* CameraManager.swift */,
				7265E97D9767068D4780D4A1 /* CameraPreviewView.swift */,
			);
			path = Camera;
			sourceTree = "<group>";
		};
		B49858869120FF23A1FF6B5B /* Mofit */ = {
			isa = PBXGroup;
			children = (
				C7467180B02E2EE58C7A495D /* App */,
				A8C98A8954DFC2D3AC1D95BD /* Camera */,
				6BB4CC37EA51BEEE96594A03 /* Config */,
				B83374148D92C502F3FE199F /* Models */,
				3521CE0928B3E8CB2B55A751 /* Services */,
				010035ED61AD343EF4B7DE08 /* Utils */,
				905AF7D56D47E9F468091407 /* ViewModels */,
				351FD4F0100707CD3D6F0E15 /* Views */,
			);
			path = Mofit;
			sourceTree = "<group>";
		};
		B83374148D92C502F3FE199F /* Models */ = {
			isa = PBXGroup;
			children = (
				546B0402F236C3DBE3C24E27 /* CoachingFeedback.swift */,
				9D9AEF1F00E6ACCA4EDBAD2B /* UserProfile.swift */,
				53C63EA4E638B27B2DADD3EA /* WorkoutSession.swift */,
			);
			path = Models;
			sourceTree = "<group>";
		};
		C4CCD02BEB013A28BB9711BD /* Frameworks */ = {
			isa = PBXGroup;
			children = (
				AFD763970F385A2ACEF4378B /* AVFoundation.framework */,
				01CAF0F33617545D6CFC1B30 /* SwiftData.framework */,
				9FEB08F60AF059876333C077 /* SwiftUI.framework */,
				FD6BDED53C67924AFC395DBF /* Vision.framework */,
			);
			name = Frameworks;
			sourceTree = "<group>";
		};
		C7467180B02E2EE58C7A495D /* App */ = {
			isa = PBXGroup;
			children = (
				D4B469CE7D4368EF6D89E602 /* ContentView.swift */,
				214EA30ADD81F450DEA7E3C9 /* MofitApp.swift */,
			);
			path = App;
			sourceTree = "<group>";
		};
		D722113FF9C985FBF303C101 /* Tracking */ = {
			isa = PBXGroup;
			children = (
				63EF72D733CC4E5FA9705120 /* TrackingView.swift */,
			);
			path = Tracking;
			sourceTree = "<group>";
		};
		E1EA61E0890C370F0D3F0308 /* Home */ = {
			isa = PBXGroup;
			children = (
				0AE0CBECA32BA59FFC2EDCB9 /* ExercisePickerView.swift */,
				7FD0106B1C899177F7A304F5 /* HomeView.swift */,
			);
			path = Home;
			sourceTree = "<group>";
		};
/* End PBXGroup section */

/* Begin PBXNativeTarget section */
		32591D02772FBE7F7A3F7895 /* Mofit */ = {
			isa = PBXNativeTarget;
			buildConfigurationList = 771E7A6031B8064DCBA6C880 /* Build configuration list for PBXNativeTarget "Mofit" */;
			buildPhases = (
				494CD700403A9E406CECF283 /* Sources */,
				3DB5F598EF79AA40F66941C3 /* Frameworks */,
			);
			buildRules = (
			);
			dependencies = (
			);
			name = Mofit;
			packageProductDependencies = (
			);
			productName = Mofit;
			productReference = AAF026B1546FA243B6007EB4 /* Mofit.app */;
			productType = "com.apple.product-type.application";
		};
/* End PBXNativeTarget section */

/* Begin PBXProject section */
		6729E0742E1B4115D4A112AB /* Project object */ = {
			isa = PBXProject;
			attributes = {
				BuildIndependentTargetsInParallel = YES;
				LastUpgradeCheck = 1500;
				TargetAttributes = {
				};
			};
			buildConfigurationList = 6939A7AC177BF34008D99B26 /* Build configuration list for PBXProject "Mofit" */;
			developmentRegion = en;
			hasScannedForEncodings = 0;
			knownRegions = (
				Base,
				en,
			);
			mainGroup = 7D8BCFF0B990F7BA9111D060;
			minimizedProjectReferenceProxies = 1;
			preferredProjectObjectVersion = 77;
			productRefGroup = 4F1209792DEF530D5589AEB1 /* Products */;
			projectDirPath = "";
			projectRoot = "";
			targets = (
				32591D02772FBE7F7A3F7895 /* Mofit */,
			);
		};
/* End PBXProject section */

/* Begin PBXSourcesBuildPhase section */
		494CD700403A9E406CECF283 /* Sources */ = {
			isa = PBXSourcesBuildPhase;
			buildActionMask = 2147483647;
			files = (
				88FD2E48998C96BB14108A63 /* CameraManager.swift in Sources */,
				3456C1E6B1FACFC4828904F6 /* CameraPreviewView.swift in Sources */,
				094163C9DEF51C3EE39D9614 /* ClaudeAPIService.swift in Sources */,
				7BCFF0611D7245687E155CB3 /* CoachingFeedback.swift in Sources */,
				9C994E3281C4CB9F30838AA7 /* CoachingView.swift in Sources */,
				8B684CD65145369C7C2FFCB8 /* CoachingViewModel.swift in Sources */,
				62E6A2F7189D49E9C730510F /* ContentView.swift in Sources */,
				452BA3B22960942A08B1C71F /* ExercisePickerView.swift in Sources */,
				6FD68579976E3FDF0FE0CC93 /* HandDetectionService.swift in Sources */,
				EFA5A622083309D15229B947 /* HomeView.swift in Sources */,
				7D5D3538BE4DC07BF4502F22 /* MofitApp.swift in Sources */,
				28BEC92F8D3C38F69BF8FCB4 /* OnboardingView.swift in Sources */,
				C1B84A4F28079F66C472B3E3 /* PoseDetectionService.swift in Sources */,
				7F5E60F9E1F04E158EA97BF3 /* ProfileEditView.swift in Sources */,
				1B9A22903E537DBBF96DCFE9 /* RecordsView.swift in Sources */,
				27DAFE208404F65266CCB764 /* Secrets.swift in Sources */,
				20D3C2873C603E787E8F4B8A /* SquatCounter.swift in Sources */,
				BBBB0003BBBB0003BBBB0003 /* SitUpCounter.swift in Sources */,
				BBBB0002BBBB0002BBBB0002 /* PushUpCounter.swift in Sources */,
				BBBB0001BBBB0001BBBB0001 /* ExerciseCounter.swift in Sources */,
				DEAF30B7E4070A8E3EC79D3B /* Theme.swift in Sources */,
				320295EE2CEBDD3313B19239 /* TrackingView.swift in Sources */,
				DD38B3EBA35F9251B888AF89 /* TrackingViewModel.swift in Sources */,
				16FCD4175557A3FA0112085B /* UserProfile.swift in Sources */,
				96EFA1EBD9682AADCD21DD5D /* WorkoutSession.swift in Sources */,
			);
			runOnlyForDeploymentPostprocessing = 0;
		};
/* End PBXSourcesBuildPhase section */

/* Begin XCBuildConfiguration section */
		24F654B1FAFBE6076EDDE236 /* Debug */ = {
			isa = XCBuildConfiguration;
			buildSettings = {
				ALWAYS_SEARCH_USER_PATHS = NO;
				CLANG_ANALYZER_NONNULL = YES;
				CLANG_ANALYZER_NUMBER_OBJECT_CONVERSION = YES_AGGRESSIVE;
				CLANG_CXX_LANGUAGE_STANDARD = "gnu++14";
				CLANG_CXX_LIBRARY = "libc++";
				CLANG_ENABLE_MODULES = YES;
				CLANG_ENABLE_OBJC_ARC = YES;
				CLANG_ENABLE_OBJC_WEAK = YES;
				CLANG_WARN_BLOCK_CAPTURE_AUTORELEASING = YES;
				CLANG_WARN_BOOL_CONVERSION = YES;
				CLANG_WARN_COMMA = YES;
				CLANG_WARN_CONSTANT_CONVERSION = YES;
				CLANG_WARN_DEPRECATED_OBJC_IMPLEMENTATIONS = YES;
				CLANG_WARN_DIRECT_OBJC_ISA_USAGE = YES_ERROR;
				CLANG_WARN_DOCUMENTATION_COMMENTS = YES;
				CLANG_WARN_EMPTY_BODY = YES;
				CLANG_WARN_ENUM_CONVERSION = YES;
				CLANG_WARN_INFINITE_RECURSION = YES;
				CLANG_WARN_INT_CONVERSION = YES;
				CLANG_WARN_NON_LITERAL_NULL_CONVERSION = YES;
				CLANG_WARN_OBJC_IMPLICIT_RETAIN_SELF = YES;
				CLANG_WARN_OBJC_LITERAL_CONVERSION = YES;
				CLANG_WARN_OBJC_ROOT_CLASS = YES_ERROR;
				CLANG_WARN_QUOTED_INCLUDE_IN_FRAMEWORK_HEADER = YES;
				CLANG_WARN_RANGE_LOOP_ANALYSIS = YES;
				CLANG_WARN_STRICT_PROTOTYPES = YES;
				CLANG_WARN_SUSPICIOUS_MOVE = YES;
				CLANG_WARN_UNGUARDED_AVAILABILITY = YES_AGGRESSIVE;
				CLANG_WARN_UNREACHABLE_CODE = YES;
				CLANG_WARN__DUPLICATE_METHOD_MATCH = YES;
				COPY_PHASE_STRIP = NO;
				DEBUG_INFORMATION_FORMAT = dwarf;
				ENABLE_STRICT_OBJC_MSGSEND = YES;
				ENABLE_TESTABILITY = YES;
				GCC_C_LANGUAGE_STANDARD = gnu11;
				GCC_DYNAMIC_NO_PIC = NO;
				GCC_NO_COMMON_BLOCKS = YES;
				GCC_OPTIMIZATION_LEVEL = 0;
				GCC_PREPROCESSOR_DEFINITIONS = (
					"$(inherited)",
					"DEBUG=1",
				);
				GCC_WARN_64_TO_32_BIT_CONVERSION = YES;
				GCC_WARN_ABOUT_RETURN_TYPE = YES_ERROR;
				GCC_WARN_UNDECLARED_SELECTOR = YES;
				GCC_WARN_UNINITIALIZED_AUTOS = YES_AGGRESSIVE;
				GCC_WARN_UNUSED_FUNCTION = YES;
				GCC_WARN_UNUSED_VARIABLE = YES;
				GENERATE_INFOPLIST_FILE = YES;
				IPHONEOS_DEPLOYMENT_TARGET = 17.0;
				MTL_ENABLE_DEBUG_INFO = INCLUDE_SOURCE;
				MTL_FAST_MATH = YES;
				ONLY_ACTIVE_ARCH = YES;
				PRODUCT_NAME = "$(TARGET_NAME)";
				SDKROOT = iphoneos;
				SWIFT_ACTIVE_COMPILATION_CONDITIONS = DEBUG;
				SWIFT_OPTIMIZATION_LEVEL = "-Onone";
				SWIFT_VERSION = 5.9;
			};
			name = Debug;
		};
		2D8794048F7EAAFAC3962495 /* Release */ = {
			isa = XCBuildConfiguration;
			buildSettings = {
				ASSETCATALOG_COMPILER_APPICON_NAME = AppIcon;
				CODE_SIGN_IDENTITY = "iPhone Developer";
				INFOPLIST_KEY_NSCameraUsageDescription = "운동 자세를 추적하기 위해 카메라가 필요합니다";
				INFOPLIST_KEY_UILaunchScreen_Generation = YES;
				INFOPLIST_KEY_UISupportedInterfaceOrientations = UIInterfaceOrientationPortrait;
				"INFOPLIST_KEY_UISupportedInterfaceOrientations~ipad" = "UIInterfaceOrientationPortrait UIInterfaceOrientationPortraitUpsideDown";
				INFOPLIST_KEY_UIUserInterfaceStyle = Dark;
				LD_RUNPATH_SEARCH_PATHS = (
					"$(inherited)",
					"@executable_path/Frameworks",
				);
				PRODUCT_BUNDLE_IDENTIFIER = com.mofit.app;
				SDKROOT = iphoneos;
				TARGETED_DEVICE_FAMILY = "1,2";
			};
			name = Release;
		};
		70CFAA2AF116470FF3BC5FF5 /* Release */ = {
			isa = XCBuildConfiguration;
			buildSettings = {
				ALWAYS_SEARCH_USER_PATHS = NO;
				CLANG_ANALYZER_NONNULL = YES;
				CLANG_ANALYZER_NUMBER_OBJECT_CONVERSION = YES_AGGRESSIVE;
				CLANG_CXX_LANGUAGE_STANDARD = "gnu++14";
				CLANG_CXX_LIBRARY = "libc++";
				CLANG_ENABLE_MODULES = YES;
				CLANG_ENABLE_OBJC_ARC = YES;
				CLANG_ENABLE_OBJC_WEAK = YES;
				CLANG_WARN_BLOCK_CAPTURE_AUTORELEASING = YES;
				CLANG_WARN_BOOL_CONVERSION = YES;
				CLANG_WARN_COMMA = YES;
				CLANG_WARN_CONSTANT_CONVERSION = YES;
				CLANG_WARN_DEPRECATED_OBJC_IMPLEMENTATIONS = YES;
				CLANG_WARN_DIRECT_OBJC_ISA_USAGE = YES_ERROR;
				CLANG_WARN_DOCUMENTATION_COMMENTS = YES;
				CLANG_WARN_EMPTY_BODY = YES;
				CLANG_WARN_ENUM_CONVERSION = YES;
				CLANG_WARN_INFINITE_RECURSION = YES;
				CLANG_WARN_INT_CONVERSION = YES;
				CLANG_WARN_NON_LITERAL_NULL_CONVERSION = YES;
				CLANG_WARN_OBJC_IMPLICIT_RETAIN_SELF = YES;
				CLANG_WARN_OBJC_LITERAL_CONVERSION = YES;
				CLANG_WARN_OBJC_ROOT_CLASS = YES_ERROR;
				CLANG_WARN_QUOTED_INCLUDE_IN_FRAMEWORK_HEADER = YES;
				CLANG_WARN_RANGE_LOOP_ANALYSIS = YES;
				CLANG_WARN_STRICT_PROTOTYPES = YES;
				CLANG_WARN_SUSPICIOUS_MOVE = YES;
				CLANG_WARN_UNGUARDED_AVAILABILITY = YES_AGGRESSIVE;
				CLANG_WARN_UNREACHABLE_CODE = YES;
				CLANG_WARN__DUPLICATE_METHOD_MATCH = YES;
				COPY_PHASE_STRIP = NO;
				DEBUG_INFORMATION_FORMAT = "dwarf-with-dsym";
				ENABLE_NS_ASSERTIONS = NO;
				ENABLE_STRICT_OBJC_MSGSEND = YES;
				GCC_C_LANGUAGE_STANDARD = gnu11;
				GCC_NO_COMMON_BLOCKS = YES;
				GCC_WARN_64_TO_32_BIT_CONVERSION = YES;
				GCC_WARN_ABOUT_RETURN_TYPE = YES_ERROR;
				GCC_WARN_UNDECLARED_SELECTOR = YES;
				GCC_WARN_UNINITIALIZED_AUTOS = YES_AGGRESSIVE;
				GCC_WARN_UNUSED_FUNCTION = YES;
				GCC_WARN_UNUSED_VARIABLE = YES;
				GENERATE_INFOPLIST_FILE = YES;
				IPHONEOS_DEPLOYMENT_TARGET = 17.0;
				MTL_ENABLE_DEBUG_INFO = NO;
				MTL_FAST_MATH = YES;
				PRODUCT_NAME = "$(TARGET_NAME)";
				SDKROOT = iphoneos;
				SWIFT_COMPILATION_MODE = wholemodule;
				SWIFT_OPTIMIZATION_LEVEL = "-O";
				SWIFT_VERSION = 5.9;
			};
			name = Release;
		};
		82499E51EBCFDF730EAE0D2E /* Debug */ = {
			isa = XCBuildConfiguration;
			buildSettings = {
				ASSETCATALOG_COMPILER_APPICON_NAME = AppIcon;
				CODE_SIGN_IDENTITY = "iPhone Developer";
				INFOPLIST_KEY_NSCameraUsageDescription = "운동 자세를 추적하기 위해 카메라가 필요합니다";
				INFOPLIST_KEY_UILaunchScreen_Generation = YES;
				INFOPLIST_KEY_UISupportedInterfaceOrientations = UIInterfaceOrientationPortrait;
				"INFOPLIST_KEY_UISupportedInterfaceOrientations~ipad" = "UIInterfaceOrientationPortrait UIInterfaceOrientationPortraitUpsideDown";
				INFOPLIST_KEY_UIUserInterfaceStyle = Dark;
				LD_RUNPATH_SEARCH_PATHS = (
					"$(inherited)",
					"@executable_path/Frameworks",
				);
				PRODUCT_BUNDLE_IDENTIFIER = com.mofit.app;
				SDKROOT = iphoneos;
				TARGETED_DEVICE_FAMILY = "1,2";
			};
			name = Debug;
		};
/* End XCBuildConfiguration section */

/* Begin XCConfigurationList section */
		6939A7AC177BF34008D99B26 /* Build configuration list for PBXProject "Mofit" */ = {
			isa = XCConfigurationList;
			buildConfigurations = (
				24F654B1FAFBE6076EDDE236 /* Debug */,
				70CFAA2AF116470FF3BC5FF5 /* Release */,
			);
			defaultConfigurationIsVisible = 0;
			defaultConfigurationName = Debug;
		};
		771E7A6031B8064DCBA6C880 /* Build configuration list for PBXNativeTarget "Mofit" */ = {
			isa = XCConfigurationList;
			buildConfigurations = (
				82499E51EBCFDF730EAE0D2E /* Debug */,
				2D8794048F7EAAFAC3962495 /* Release */,
			);
			defaultConfigurationIsVisible = 0;
			defaultConfigurationName = Debug;
		};
/* End XCConfigurationList section */
	};
	rootObject = 6729E0742E1B4115D4A112AB /* Project object */;
}
